
Microsoft Visual Studio Solution File, Format Version 12.00
# Visual Studio 15
VisualStudioVersion = 15.0.27703.2035
MinimumVisualStudioVersion = 10.0.40219.1
Project("{FAE04EC0-301F-11D3-BF4B-00C04F79EFBC}") = "ProyectoCoppel", "ProyectoCoppel\ProyectoCoppel.csproj", "{A1CB5DD6-A747-4164-B91B-D9CC56056CAC}"
EndProject
Project("{FAE04EC0-301F-11D3-BF4B-00C04F79EFBC}") = "Controlador", "Controlador\Controlador.csproj", "{B198CA49-BB8B-4A14-A6F9-A3C1E0C43A07}"
EndProject
Project("{FAE04EC0-301F-11D3-BF4B-00C04F79EFBC}") = "Modelo", "Modelo\Modelo.csproj", "{069A5B39-3D58-4BFE-85D6-82CD692E042B}"
EndProject
Global
	GlobalSection(SolutionConfigurationPlatforms) = preSolution
		Debug|Any CPU = Debug|Any CPU
		Release|Any CPU = Release|Any CPU
	EndGlobalSection
	GlobalSection(ProjectConfigurationPlatforms) = postSolution
		{A1CB5DD6-A747-4164-B91B-D9CC56056CAC}.Debug|Any CPU.ActiveCfg = Debug|Any CPU
		{A1CB5DD6-A747-4164-B91B-D9CC56056CAC}.Debug|Any CPU.Build.0 = Debug|Any CPU
		{A1CB5DD6-A747-4164-B91B-D9CC56056CAC}.Release|Any CPU.ActiveCfg = Release|Any CPU
		{A1CB5DD6-A747-4164-B91B-D9CC56056CAC}.Release|Any CPU.Build.0 = Release|Any CPU
		{B198CA49-BB8B-4A14-A6F9-A3C1E0C43A07}.Debug|Any CPU.ActiveCfg = Debug|Any CPU
		{B198CA49-BB8B-4A14-A6F9-A3C1E0C43A07}.Debug|Any CPU.Build.0 = Debug|Any CPU
		{B198CA49-BB8B-4A14-A6F9-A3C1E0C43A07}.Release|Any CPU.ActiveCfg = Release|Any CPU
		{B198CA49-BB8B-4A14-A6F9-A3C1E0C43A07}.Release|Any CPU.Build.0 = Release|Any CPU
		{069A5B39-3D58-4BFE-85D6-82CD692E042B}.Debug|Any CPU.ActiveCfg = Debug|Any CPU
		{069A5B39-3D58-4BFE-85D6-82CD692E042B}.Debug|Any CPU.Build.0 = Debug|Any CPU
		{069A5B39-3D58-4BFE-85D6-82CD692E042B}.Release|Any CPU.ActiveCfg = Release|Any CPU
		{069A5B39-3D58-4BFE-85D6-82CD692E042B}.Release|Any CPU.Build.0 = Release|Any CPU
	EndGlobalSection
	GlobalSection(SolutionProperties) = preSolution
		HideSolutionNode = FALSE
	EndGlobalSection
	GlobalSection(ExtensibilityGlobals) = postSolution
		SolutionGuid = {2A44230C-56B1-4A7B-8E4E-EB945E2D4F96}
	EndGlobalSection
EndGlobal
